
Microsoft Visual Studio Solution File, Format Version 12.00
# Visual Studio Version 16
VisualStudioVersion = 16.0.32228.343
MinimumVisualStudioVersion = 10.0.40219.1
Project("{FAE04EC0-301F-11D3-BF4B-00C04F79EFBC}") = "Angular_Basic", "Angular_Basic\Angular_Basic.csproj", "{F5DDC324-FA84-4AA9-B2F7-6C8DDA5AB8A2}"
EndProject
Project("{FAE04EC0-301F-11D3-BF4B-00C04F79EFBC}") = "AngularMVC", "AngularMVC\AngularMVC.csproj", "{68395F04-2470-4B93-A1EC-395121724D5A}"
EndProject
Project("{FAE04EC0-301F-11D3-BF4B-00C04F79EFBC}") = "AngularWithMVC", "AngularWithMVC\AngularWithMVC.csproj", "{C8D438B3-D4A6-4D2E-B478-40C82592AA4F}"
EndProject
Global
	GlobalSection(SolutionConfigurationPlatforms) = preSolution
		Debug|Any CPU = Debug|Any CPU
		Release|Any CPU = Release|Any CPU
	EndGlobalSection
	GlobalSection(ProjectConfigurationPlatforms) = postSolution
		{F5DDC324-FA84-4AA9-B2F7-6C8DDA5AB8A2}.Debug|Any CPU.ActiveCfg = Debug|Any CPU
		{F5DDC324-FA84-4AA9-B2F7-6C8DDA5AB8A2}.Debug|Any CPU.Build.0 = Debug|Any CPU
		{F5DDC324-FA84-4AA9-B2F7-6C8DDA5AB8A2}.Release|Any CPU.ActiveCfg = Release|Any CPU
		{F5DDC324-FA84-4AA9-B2F7-6C8DDA5AB8A2}.Release|Any CPU.Build.0 = Release|Any CPU
		{68395F04-2470-4B93-A1EC-395121724D5A}.Debug|Any CPU.ActiveCfg = Debug|Any CPU
		{68395F04-2470-4B93-A1EC-395121724D5A}.Debug|Any CPU.Build.0 = Debug|Any CPU
		{68395F04-2470-4B93-A1EC-395121724D5A}.Release|Any CPU.ActiveCfg = Release|Any CPU
		{68395F04-2470-4B93-A1EC-395121724D5A}.Release|Any CPU.Build.0 = Release|Any CPU
		{C8D438B3-D4A6-4D2E-B478-40C82592AA4F}.Debug|Any CPU.ActiveCfg = Debug|Any CPU
		{C8D438B3-D4A6-4D2E-B478-40C82592AA4F}.Debug|Any CPU.Build.0 = Debug|Any CPU
		{C8D438B3-D4A6-4D2E-B478-40C82592AA4F}.Release|Any CPU.ActiveCfg = Release|Any CPU
		{C8D438B3-D4A6-4D2E-B478-40C82592AA4F}.Release|Any CPU.Build.0 = Release|Any CPU
	EndGlobalSection
	GlobalSection(SolutionProperties) = preSolution
		HideSolutionNode = FALSE
	EndGlobalSection
	GlobalSection(ExtensibilityGlobals) = postSolution
		SolutionGuid = {30242D80-3590-4232-BCFB-FB67B95BA18F}
	EndGlobalSection
EndGlobal
